
Microsoft Visual Studio Solution File, Format Version 12.00
# Visual Studio Version 17
VisualStudioVersion = 17.9.34728.123
MinimumVisualStudioVersion = 10.0.40219.1
Project("{FAE04EC0-301F-11D3-BF4B-00C04F79EFBC}") = "WinFormsApp1", "WinFormsApp1\WinFormsApp1.csproj", "{594B8EFE-E50A-421C-8B9C-B00599B0B889}"
EndProject
Global
	GlobalSection(SolutionConfigurationPlatforms) = preSolution
		Debug|Any CPU = Debug|Any CPU
		Release|Any CPU = Release|Any CPU
	EndGlobalSection
	GlobalSection(ProjectConfigurationPlatforms) = postSolution
		{594B8EFE-E50A-421C-8B9C-B00599B0B889}.Debug|Any CPU.ActiveCfg = Debug|Any CPU
		{594B8EFE-E50A-421C-8B9C-B00599B0B889}.Debug|Any CPU.Build.0 = Debug|Any CPU
		{594B8EFE-E50A-421C-8B9C-B00599B0B889}.Release|Any CPU.ActiveCfg = Release|Any CPU
		{594B8EFE-E50A-421C-8B9C-B00599B0B889}.Release|Any CPU.Build.0 = Release|Any CPU
	EndGlobalSection
	GlobalSection(SolutionProperties) = preSolution
		HideSolutionNode = FALSE
	EndGlobalSection
	GlobalSection(ExtensibilityGlobals) = postSolution
		SolutionGuid = {88477731-79A0-4CED-B77B-B45753ABB67B}
	EndGlobalSection
EndGlobal
